{
  "name": "esri-svelte-example",
  "version": "6.0.0",
  "lockfileVersion": 3,
  "requires": true,
  "packages": {
    "": {
      "name": "esri-svelte-example",
      "version": "6.0.0",
      "devDependencies": {
        "@arcgis/core": "^4.31.0",
        "@arcgis/map-components": "^4.31.2",
        "@sveltejs/vite-plugin-svelte": "^3.1.2",
        "svelte": "^4.2.19",
        "vite": "^5.4.10"
      }
    },
    "node_modules/@ampproject/remapping": {
      "version": "2.3.0",
      "dev": true,
      "license": "Apache-2.0",
      "dependencies": {
        "@jridgewell/gen-mapping": "^0.3.5",
        "@jridgewell/trace-mapping": "^0.3.24"
      },
      "engines": {
        "node": ">=6.0.0"
      }
    },
    "node_modules/@arcgis/components-build-utils": {
      "version": "4.31.2",
      "resolved": "https://registry.npmjs.org/@arcgis/components-build-utils/-/components-build-utils-4.31.2.tgz",
      "integrity": "sha512-HD7mchhnMTm5CV0K9WUCyERfMn9A/sxdygrt1+lQfh8fCPAT6b+lro9OOT1E49/DQwB/iJ0IacMGmM2HphiE0Q==",
      "dev": true,
      "dependencies": {
        "tslib": "^2.7.0"
      },
      "bin": {
        "awc": "src/commands/run-wrapper.js"
      }
    },
    "node_modules/@arcgis/components-controllers": {
      "version": "4.31.2",
      "resolved": "https://registry.npmjs.org/@arcgis/components-controllers/-/components-controllers-4.31.2.tgz",
      "integrity": "sha512-Pq02GZIohDH76TVmyezBGWKGueffO29hOsuld7z5w/6cSfzveZ7CY9cnX09b2hlPC5fAahppgNpFz/Eqe5sM8A==",
      "dev": true,
      "dependencies": {
        "@arcgis/components-utils": "4.31.2",
        "tslib": "^2.7.0"
      },
      "peerDependencies": {
        "@arcgis/core": "~4.31.0",
        "@arcgis/core-adapter": "~4.31.2"
      },
      "peerDependenciesMeta": {
        "@arcgis/core": {
          "optional": true
        },
        "@arcgis/core-adapter": {
          "optional": true
        }
      }
    },
    "node_modules/@arcgis/components-utils": {
      "version": "4.31.2",
      "resolved": "https://registry.npmjs.org/@arcgis/components-utils/-/components-utils-4.31.2.tgz",
      "integrity": "sha512-/vUbVUmQMxGY7XtormDcGwLw+MTDjHNJICHF4kE3hxm92eUCBjxEdzBs6uefvd2JXDsZCABbeyxfwlJo3y+Dhg==",
      "dev": true,
      "dependencies": {
        "tslib": "^2.7.0"
      }
    },
    "node_modules/@arcgis/core": {
      "version": "4.31.0",
      "resolved": "https://registry.npmjs.org/@arcgis/core/-/core-4.31.0.tgz",
      "integrity": "sha512-wA9h5QKPogRbbR33Xjkqj7GRHXW2Pz3oBx1ONNuZxij2IFTDtFmhYxETxJ+nWD8wNUZOfin6ZsuBZzbLITcR6Q==",
      "dev": true,
      "dependencies": {
        "@esri/arcgis-html-sanitizer": "~4.1.0-next.4",
        "@esri/calcite-colors": "~6.1.0",
        "@esri/calcite-components": "^2.13.0",
        "@vaadin/grid": "~24.5.0",
        "@zip.js/zip.js": "~2.7.52",
        "luxon": "~3.5.0",
        "marked": "~14.1.3",
        "sortablejs": "~1.15.3"
      }
    },
    "node_modules/@arcgis/map-components": {
      "version": "4.31.2",
      "resolved": "https://registry.npmjs.org/@arcgis/map-components/-/map-components-4.31.2.tgz",
      "integrity": "sha512-cCQYQ2DY3wOMZtq444KHnwRkM2UkSI0An0SNtivn0n8KvAJHG3WEcSAZBrB7DYdkoJLcUuktXTyOtLxTk8NLwQ==",
      "dev": true,
      "dependencies": {
        "@arcgis/components-build-utils": "4.31.2",
        "@arcgis/components-controllers": "4.31.2",
        "@arcgis/components-utils": "4.31.2",
        "@stencil/core": "4.20.0",
        "tslib": "^2.7.0"
      },
      "peerDependencies": {
        "@arcgis/core": "~4.31.0",
        "@esri/calcite-components": "^2.13.0"
      }
    },
    "node_modules/@esbuild/win32-x64": {
      "version": "0.21.5",
      "cpu": [
        "x64"
      ],
      "dev": true,
      "license": "MIT",
      "optional": true,
      "os": [
        "win32"
      ],
      "engines": {
        "node": ">=12"
      }
    },
    "node_modules/@esri/arcgis-html-sanitizer": {
      "version": "4.1.0-next.4",
      "resolved": "https://registry.npmjs.org/@esri/arcgis-html-sanitizer/-/arcgis-html-sanitizer-4.1.0-next.4.tgz",
      "integrity": "sha512-CFDBFVgCLLaY6qBS70oozzIPXkTTCVkG/KFkjAZHIPYMgxgFtYPMBETRutELQQWDJa0Tv1QNK1N/7NyaKfsPvQ==",
      "dev": true,
      "dependencies": {
        "xss": "1.0.13"
      },
      "engines": {
        "node": ">=18.0.0"
      }
    },
    "node_modules/@esri/calcite-colors": {
      "version": "6.1.0",
      "dev": true,
      "license": "SEE LICENSE IN README.md"
    },
    "node_modules/@esri/calcite-components": {
      "version": "2.13.2",
      "resolved": "https://registry.npmjs.org/@esri/calcite-components/-/calcite-components-2.13.2.tgz",
      "integrity": "sha512-90v4H8zs2wEzUXQGmZ+joHhP7ulFUHmQjDlIwXylJiDvoChhnEm38iv7eeG+X8im06biIHEDGRB8LLszlQQ7jw==",
      "dev": true,
      "dependencies": {
        "@esri/calcite-ui-icons": "3.32.0",
        "@floating-ui/dom": "1.6.11",
        "@stencil/core": "4.20.0",
        "@types/color": "3.0.6",
        "@types/sortablejs": "1.15.8",
        "color": "4.2.3",
        "composed-offset-position": "0.0.6",
        "dayjs": "1.11.13",
        "focus-trap": "7.6.0",
        "interactjs": "1.10.27",
        "lodash-es": "4.17.21",
        "sortablejs": "1.15.3",
        "timezone-groups": "0.10.2",
        "type-fest": "4.18.2"
      }
    },
    "node_modules/@esri/calcite-ui-icons": {
      "version": "3.32.0",
      "resolved": "https://registry.npmjs.org/@esri/calcite-ui-icons/-/calcite-ui-icons-3.32.0.tgz",
      "integrity": "sha512-2UEddEeSnpXVWp/uNrgym3mrb8lZ5+vXFbtmvXv5NiE32nQGw2MFZD52L5Z+FsxqHJ9vVrtl/X6pTIgkd0c8jA==",
      "dev": true,
      "bin": {
        "spriter": "bin/spriter.js"
      }
    },
    "node_modules/@floating-ui/core": {
      "version": "1.6.8",
      "resolved": "https://registry.npmjs.org/@floating-ui/core/-/core-1.6.8.tgz",
      "integrity": "sha512-7XJ9cPU+yI2QeLS+FCSlqNFZJq8arvswefkZrYI1yQBbftw6FyrZOxYSh+9S7z7TpeWlRt9zJ5IhM1WIL334jA==",
      "dev": true,
      "dependencies": {
        "@floating-ui/utils": "^0.2.8"
      }
    },
    "node_modules/@floating-ui/dom": {
      "version": "1.6.11",
      "resolved": "https://registry.npmjs.org/@floating-ui/dom/-/dom-1.6.11.tgz",
      "integrity": "sha512-qkMCxSR24v2vGkhYDo/UzxfJN3D4syqSjyuTFz6C7XcpU1pASPRieNI0Kj5VP3/503mOfYiGY891ugBX1GlABQ==",
      "dev": true,
      "dependencies": {
        "@floating-ui/core": "^1.6.0",
        "@floating-ui/utils": "^0.2.8"
      }
    },
    "node_modules/@floating-ui/utils": {
      "version": "0.2.8",
      "resolved": "https://registry.npmjs.org/@floating-ui/utils/-/utils-0.2.8.tgz",
      "integrity": "sha512-kym7SodPp8/wloecOpcmSnWJsK7M0E5Wg8UcFA+uO4B9s5d0ywXOEro/8HM9x0rW+TljRzul/14UYz3TleT3ig==",
      "dev": true
    },
    "node_modules/@interactjs/types": {
      "version": "1.10.27",
      "resolved": "https://registry.npmjs.org/@interactjs/types/-/types-1.10.27.tgz",
      "integrity": "sha512-BUdv0cvs4H5ODuwft2Xp4eL8Vmi3LcihK42z0Ft/FbVJZoRioBsxH+LlsBdK4tAie7PqlKGy+1oyOncu1nQ6eA==",
      "dev": true
    },
    "node_modules/@jridgewell/gen-mapping": {
      "version": "0.3.5",
      "dev": true,
      "license": "MIT",
      "dependencies": {
        "@jridgewell/set-array": "^1.2.1",
        "@jridgewell/sourcemap-codec": "^1.4.10",
        "@jridgewell/trace-mapping": "^0.3.24"
      },
      "engines": {
        "node": ">=6.0.0"
      }
    },
    "node_modules/@jridgewell/resolve-uri": {
      "version": "3.1.2",
      "dev": true,
      "license": "MIT",
      "engines": {
        "node": ">=6.0.0"
      }
    },
    "node_modules/@jridgewell/set-array": {
      "version": "1.2.1",
      "dev": true,
      "license": "MIT",
      "engines": {
        "node": ">=6.0.0"
      }
    },
    "node_modules/@jridgewell/sourcemap-codec": {
      "version": "1.5.0",
      "resolved": "https://registry.npmjs.org/@jridgewell/sourcemap-codec/-/sourcemap-codec-1.5.0.tgz",
      "integrity": "sha512-gv3ZRaISU3fjPAgNsriBRqGWQL6quFx04YMPW/zD8XMLsU32mhCCbfbO6KZFLjvYpCZ8zyDEgqsgf+PwPaM7GQ==",
      "dev": true
    },
    "node_modules/@jridgewell/trace-mapping": {
      "version": "0.3.24",
      "dev": true,
      "license": "MIT",
      "dependencies": {
        "@jridgewell/resolve-uri": "^3.1.0",
        "@jridgewell/sourcemap-codec": "^1.4.14"
      }
    },
    "node_modules/@lit-labs/ssr-dom-shim": {
      "version": "1.2.1",
      "resolved": "https://registry.npmjs.org/@lit-labs/ssr-dom-shim/-/ssr-dom-shim-1.2.1.tgz",
      "integrity": "sha512-wx4aBmgeGvFmOKucFKY+8VFJSYZxs9poN3SDNQFF6lT6NrQUnHiPB2PWz2sc4ieEcAaYYzN+1uWahEeTq2aRIQ==",
      "dev": true
    },
    "node_modules/@lit/reactive-element": {
      "version": "2.0.4",
      "resolved": "https://registry.npmjs.org/@lit/reactive-element/-/reactive-element-2.0.4.tgz",
      "integrity": "sha512-GFn91inaUa2oHLak8awSIigYz0cU0Payr1rcFsrkf5OJ5eSPxElyZfKh0f2p9FsTiZWXQdWGJeXZICEfXXYSXQ==",
      "dev": true,
      "dependencies": {
        "@lit-labs/ssr-dom-shim": "^1.2.0"
      }
    },
    "node_modules/@open-wc/dedupe-mixin": {
      "version": "1.4.0",
      "resolved": "https://registry.npmjs.org/@open-wc/dedupe-mixin/-/dedupe-mixin-1.4.0.tgz",
      "integrity": "sha512-Sj7gKl1TLcDbF7B6KUhtvr+1UCxdhMbNY5KxdU5IfMFWqL8oy1ZeAcCANjoB1TL0AJTcPmcCFsCbHf8X2jGDUA==",
      "dev": true
    },
    "node_modules/@polymer/polymer": {
      "version": "3.5.2",
      "resolved": "https://registry.npmjs.org/@polymer/polymer/-/polymer-3.5.2.tgz",
      "integrity": "sha512-fWwImY/UH4bb2534DVSaX+Azs2yKg8slkMBHOyGeU2kKx7Xmxp6Lee0jP8p6B3d7c1gFUPB2Z976dTUtX81pQA==",
      "dev": true,
      "dependencies": {
        "@webcomponents/shadycss": "^1.9.1"
      }
    },
    "node_modules/@rollup/rollup-win32-x64-msvc": {
      "version": "4.22.5",
      "cpu": [
        "x64"
      ],
      "dev": true,
      "license": "MIT",
      "optional": true,
      "os": [
        "win32"
      ]
    },
    "node_modules/@stencil/core": {
      "version": "4.20.0",
      "resolved": "https://registry.npmjs.org/@stencil/core/-/core-4.20.0.tgz",
      "integrity": "sha512-WPrTHFngvN081RY+dJPneKQLwnOFD60OMCOQGmmSHfCW0f4ujPMzzhwWU1gcSwXPWXz5O+8cBiiCaxAbJU7kAg==",
      "dev": true,
      "bin": {
        "stencil": "bin/stencil"
      },
      "engines": {
        "node": ">=16.0.0",
        "npm": ">=7.10.0"
      }
    },
    "node_modules/@sveltejs/vite-plugin-svelte": {
      "version": "3.1.2",
      "resolved": "https://registry.npmjs.org/@sveltejs/vite-plugin-svelte/-/vite-plugin-svelte-3.1.2.tgz",
      "integrity": "sha512-Txsm1tJvtiYeLUVRNqxZGKR/mI+CzuIQuc2gn+YCs9rMTowpNZ2Nqt53JdL8KF9bLhAf2ruR/dr9eZCwdTriRA==",
      "dev": true,
      "dependencies": {
        "@sveltejs/vite-plugin-svelte-inspector": "^2.1.0",
        "debug": "^4.3.4",
        "deepmerge": "^4.3.1",
        "kleur": "^4.1.5",
        "magic-string": "^0.30.10",
        "svelte-hmr": "^0.16.0",
        "vitefu": "^0.2.5"
      },
      "engines": {
        "node": "^18.0.0 || >=20"
      },
      "peerDependencies": {
        "svelte": "^4.0.0 || ^5.0.0-next.0",
        "vite": "^5.0.0"
      }
    },
    "node_modules/@sveltejs/vite-plugin-svelte-inspector": {
      "version": "2.1.0",
      "resolved": "https://registry.npmjs.org/@sveltejs/vite-plugin-svelte-inspector/-/vite-plugin-svelte-inspector-2.1.0.tgz",
      "integrity": "sha512-9QX28IymvBlSCqsCll5t0kQVxipsfhFFL+L2t3nTWfXnddYwxBuAEtTtlaVQpRz9c37BhJjltSeY4AJSC03SSg==",
      "dev": true,
      "dependencies": {
        "debug": "^4.3.4"
      },
      "engines": {
        "node": "^18.0.0 || >=20"
      },
      "peerDependencies": {
        "@sveltejs/vite-plugin-svelte": "^3.0.0",
        "svelte": "^4.0.0 || ^5.0.0-next.0",
        "vite": "^5.0.0"
      }
    },
    "node_modules/@types/color": {
      "version": "3.0.6",
      "resolved": "https://registry.npmjs.org/@types/color/-/color-3.0.6.tgz",
      "integrity": "sha512-NMiNcZFRUAiUUCCf7zkAelY8eV3aKqfbzyFQlXpPIEeoNDbsEHGpb854V3gzTsGKYj830I5zPuOwU/TP5/cW6A==",
      "dev": true,
      "dependencies": {
        "@types/color-convert": "*"
      }
    },
    "node_modules/@types/color-convert": {
      "version": "2.0.4",
      "resolved": "https://registry.npmjs.org/@types/color-convert/-/color-convert-2.0.4.tgz",
      "integrity": "sha512-Ub1MmDdyZ7mX//g25uBAoH/mWGd9swVbt8BseymnaE18SU4po/PjmCrHxqIIRjBo3hV/vh1KGr0eMxUhp+t+dQ==",
      "dev": true,
      "dependencies": {
        "@types/color-name": "^1.1.0"
      }
    },
    "node_modules/@types/color-name": {
      "version": "1.1.5",
      "resolved": "https://registry.npmjs.org/@types/color-name/-/color-name-1.1.5.tgz",
      "integrity": "sha512-j2K5UJqGTxeesj6oQuGpMgifpT5k9HprgQd8D1Y0lOFqKHl3PJu5GMeS4Y5EgjS55AE6OQxf8mPED9uaGbf4Cg==",
      "dev": true
    },
    "node_modules/@types/estree": {
      "version": "1.0.6",
      "dev": true,
      "license": "MIT"
    },
    "node_modules/@types/sortablejs": {
      "version": "1.15.8",
      "resolved": "https://registry.npmjs.org/@types/sortablejs/-/sortablejs-1.15.8.tgz",
      "integrity": "sha512-b79830lW+RZfwaztgs1aVPgbasJ8e7AXtZYHTELNXZPsERt4ymJdjV4OccDbHQAvHrCcFpbF78jkm0R6h/pZVg==",
      "dev": true
    },
    "node_modules/@types/trusted-types": {
      "version": "2.0.7",
      "resolved": "https://registry.npmjs.org/@types/trusted-types/-/trusted-types-2.0.7.tgz",
      "integrity": "sha512-ScaPdn1dQczgbl0QFTeTOmVHFULt394XJgOQNoyVhZ6r2vLnMLJfBPd53SB52T/3G36VI1/g2MZaX0cwDuXsfw==",
      "dev": true
    },
    "node_modules/@vaadin/a11y-base": {
      "version": "24.5.2",
      "resolved": "https://registry.npmjs.org/@vaadin/a11y-base/-/a11y-base-24.5.2.tgz",
      "integrity": "sha512-pbLYwnt3yoHTShDvGYR9mdcfnx1bO/aqEedVkmF+misvSQmrMF+tiFBJbic0VipAiM8dHHgRSjLimwaFqWhWng==",
      "dev": true,
      "dependencies": {
        "@open-wc/dedupe-mixin": "^1.3.0",
        "@polymer/polymer": "^3.0.0",
        "@vaadin/component-base": "~24.5.2",
        "lit": "^3.0.0"
      }
    },
    "node_modules/@vaadin/checkbox": {
      "version": "24.5.2",
      "resolved": "https://registry.npmjs.org/@vaadin/checkbox/-/checkbox-24.5.2.tgz",
      "integrity": "sha512-eC4DQ5gyt7oKXRXCSzSVSRxo0YeNAtXWiSinlwVH5z9+ufi7j007VYfleAthAanSMgRvQyhjxyRgKWbzWaozhQ==",
      "dev": true,
      "dependencies": {
        "@open-wc/dedupe-mixin": "^1.3.0",
        "@polymer/polymer": "^3.0.0",
        "@vaadin/a11y-base": "~24.5.2",
        "@vaadin/component-base": "~24.5.2",
        "@vaadin/field-base": "~24.5.2",
        "@vaadin/vaadin-lumo-styles": "~24.5.2",
        "@vaadin/vaadin-material-styles": "~24.5.2",
        "@vaadin/vaadin-themable-mixin": "~24.5.2",
        "lit": "^3.0.0"
      }
    },
    "node_modules/@vaadin/component-base": {
      "version": "24.5.2",
      "resolved": "https://registry.npmjs.org/@vaadin/component-base/-/component-base-24.5.2.tgz",
      "integrity": "sha512-w712CMAOqIJa6YSzHYtVCOFAy6K8CCuH7+bKuEieWd7jcA8BOEj55skruYlMbpA/7o6BUURpw5FqwlyXZS7GcA==",
      "dev": true,
      "dependencies": {
        "@open-wc/dedupe-mixin": "^1.3.0",
        "@polymer/polymer": "^3.0.0",
        "@vaadin/vaadin-development-mode-detector": "^2.0.0",
        "@vaadin/vaadin-usage-statistics": "^2.1.0",
        "lit": "^3.0.0"
      }
    },
    "node_modules/@vaadin/field-base": {
      "version": "24.5.2",
      "resolved": "https://registry.npmjs.org/@vaadin/field-base/-/field-base-24.5.2.tgz",
      "integrity": "sha512-J29LsnlbMfT51HFF2NZpgHxtweQP+lXTNv/GaJWsgdj26n/XMtDNrfQe35WDjTLY4MdM277tqJwik177zkiY6w==",
      "dev": true,
      "dependencies": {
        "@open-wc/dedupe-mixin": "^1.3.0",
        "@polymer/polymer": "^3.0.0",
        "@vaadin/a11y-base": "~24.5.2",
        "@vaadin/component-base": "~24.5.2",
        "lit": "^3.0.0"
      }
    },
    "node_modules/@vaadin/grid": {
      "version": "24.5.2",
      "resolved": "https://registry.npmjs.org/@vaadin/grid/-/grid-24.5.2.tgz",
      "integrity": "sha512-+Pphae76Bw0MYmtUM0T5BgPbvR1jw4f3oxVu1ofdZ6sI8/thS3BogL+n3PdqaAJyl0RC+9BNtl42oMG7Nceg6A==",
      "dev": true,
      "dependencies": {
        "@open-wc/dedupe-mixin": "^1.3.0",
        "@polymer/polymer": "^3.0.0",
        "@vaadin/a11y-base": "~24.5.2",
        "@vaadin/checkbox": "~24.5.2",
        "@vaadin/component-base": "~24.5.2",
        "@vaadin/lit-renderer": "~24.5.2",
        "@vaadin/text-field": "~24.5.2",
        "@vaadin/vaadin-lumo-styles": "~24.5.2",
        "@vaadin/vaadin-material-styles": "~24.5.2",
        "@vaadin/vaadin-themable-mixin": "~24.5.2",
        "lit": "^3.0.0"
      }
    },
    "node_modules/@vaadin/icon": {
      "version": "24.5.2",
      "resolved": "https://registry.npmjs.org/@vaadin/icon/-/icon-24.5.2.tgz",
      "integrity": "sha512-4wUqkP0a0drmyi/C82yQAsNBUWRHJjKKHONvomrcsBmUpfKEHbbU08k3eSiFOH3dX5I+xZeCgO2365t0nCIALA==",
      "dev": true,
      "dependencies": {
        "@open-wc/dedupe-mixin": "^1.3.0",
        "@polymer/polymer": "^3.0.0",
        "@vaadin/component-base": "~24.5.2",
        "@vaadin/vaadin-lumo-styles": "~24.5.2",
        "@vaadin/vaadin-themable-mixin": "~24.5.2",
        "lit": "^3.0.0"
      }
    },
    "node_modules/@vaadin/input-container": {
      "version": "24.5.2",
      "resolved": "https://registry.npmjs.org/@vaadin/input-container/-/input-container-24.5.2.tgz",
      "integrity": "sha512-qoRonlIOc901wxWAxmb26XvuHaOk0SpE6Pm7aZJvtwK1taXQH9mq626X1CnbcQZLw0TlkJSyDavyP1FM7IECUQ==",
      "dev": true,
      "dependencies": {
        "@polymer/polymer": "^3.0.0",
        "@vaadin/component-base": "~24.5.2",
        "@vaadin/vaadin-lumo-styles": "~24.5.2",
        "@vaadin/vaadin-material-styles": "~24.5.2",
        "@vaadin/vaadin-themable-mixin": "~24.5.2",
        "lit": "^3.0.0"
      }
    },
    "node_modules/@vaadin/lit-renderer": {
      "version": "24.5.2",
      "resolved": "https://registry.npmjs.org/@vaadin/lit-renderer/-/lit-renderer-24.5.2.tgz",
      "integrity": "sha512-4vtB1L/4pGhfaN12jzcX37WTv63mwBEl71l38Q8p7v8hWBqS4aZuZemln9qQ8U/AmpEI6Ez1oEPNLYC5F1VoHA==",
      "dev": true,
      "dependencies": {
        "lit": "^3.0.0"
      }
    },
    "node_modules/@vaadin/text-field": {
      "version": "24.5.2",
      "resolved": "https://registry.npmjs.org/@vaadin/text-field/-/text-field-24.5.2.tgz",
      "integrity": "sha512-4tHBbfEFvQnYdWuMb33MzDzL7FNS4fLVBNMfDNjxGWY2y4w1U5dUG/d70Fe4+X1M+Yc6rV3ZZ6u6Jh97yfACug==",
      "dev": true,
      "dependencies": {
        "@open-wc/dedupe-mixin": "^1.3.0",
        "@polymer/polymer": "^3.0.0",
        "@vaadin/a11y-base": "~24.5.2",
        "@vaadin/component-base": "~24.5.2",
        "@vaadin/field-base": "~24.5.2",
        "@vaadin/input-container": "~24.5.2",
        "@vaadin/vaadin-lumo-styles": "~24.5.2",
        "@vaadin/vaadin-material-styles": "~24.5.2",
        "@vaadin/vaadin-themable-mixin": "~24.5.2",
        "lit": "^3.0.0"
      }
    },
    "node_modules/@vaadin/vaadin-development-mode-detector": {
      "version": "2.0.7",
      "resolved": "https://registry.npmjs.org/@vaadin/vaadin-development-mode-detector/-/vaadin-development-mode-detector-2.0.7.tgz",
      "integrity": "sha512-9FhVhr0ynSR3X2ao+vaIEttcNU5XfzCbxtmYOV8uIRnUCtNgbvMOIcyGBvntsX9I5kvIP2dV3cFAOG9SILJzEA==",
      "dev": true
    },
    "node_modules/@vaadin/vaadin-lumo-styles": {
      "version": "24.5.2",
      "resolved": "https://registry.npmjs.org/@vaadin/vaadin-lumo-styles/-/vaadin-lumo-styles-24.5.2.tgz",
      "integrity": "sha512-qg+EOxN+X5s5V2nY1rKV06M44rPZFfg+9ee+nx9+JhT1oVu/NM+85li8mi4YwedhKbthkbDQp/3UK6iOMgWSBw==",
      "dev": true,
      "dependencies": {
        "@polymer/polymer": "^3.0.0",
        "@vaadin/component-base": "~24.5.2",
        "@vaadin/icon": "~24.5.2",
        "@vaadin/vaadin-themable-mixin": "~24.5.2"
      }
    },
    "node_modules/@vaadin/vaadin-material-styles": {
      "version": "24.5.2",
      "resolved": "https://registry.npmjs.org/@vaadin/vaadin-material-styles/-/vaadin-material-styles-24.5.2.tgz",
      "integrity": "sha512-a/xFOmBRPRu0MpahPdE1sKffOYZS79ofxUS3JQtN5NC38KhA7dxbMdUts3/Ft833/QKirxY+l1jjQ6ljiFDRzg==",
      "dev": true,
      "dependencies": {
        "@polymer/polymer": "^3.0.0",
        "@vaadin/component-base": "~24.5.2",
        "@vaadin/vaadin-themable-mixin": "~24.5.2"
      }
    },
    "node_modules/@vaadin/vaadin-themable-mixin": {
      "version": "24.5.2",
      "resolved": "https://registry.npmjs.org/@vaadin/vaadin-themable-mixin/-/vaadin-themable-mixin-24.5.2.tgz",
      "integrity": "sha512-XCviPYq3nYg+DAArBpRQPFdRgziT2bQRntvqTXY2BeWImffiwZiZaf3UIy1h4j2hl4u+Kpu2qJ4MXYw8IZ0JCQ==",
      "dev": true,
      "dependencies": {
        "@open-wc/dedupe-mixin": "^1.3.0",
        "lit": "^3.0.0"
      }
    },
    "node_modules/@vaadin/vaadin-usage-statistics": {
      "version": "2.1.3",
      "resolved": "https://registry.npmjs.org/@vaadin/vaadin-usage-statistics/-/vaadin-usage-statistics-2.1.3.tgz",
      "integrity": "sha512-8r4TNknD7OJQADe3VygeofFR7UNAXZ2/jjBFP5dgI8+2uMfnuGYgbuHivasKr9WSQ64sPej6m8rDoM1uSllXjQ==",
      "dev": true,
      "hasInstallScript": true,
      "dependencies": {
        "@vaadin/vaadin-development-mode-detector": "^2.0.0"
      },
      "engines": {
        "node": "^12.20.0 || ^14.13.1 || >=16.0.0"
      }
    },
    "node_modules/@webcomponents/shadycss": {
      "version": "1.11.2",
      "resolved": "https://registry.npmjs.org/@webcomponents/shadycss/-/shadycss-1.11.2.tgz",
      "integrity": "sha512-vRq+GniJAYSBmTRnhCYPAPq6THYqovJ/gzGThWbgEZUQaBccndGTi1hdiUP15HzEco0I6t4RCtXyX0rsSmwgPw==",
      "dev": true
    },
    "node_modules/@zip.js/zip.js": {
      "version": "2.7.52",
      "dev": true,
      "license": "BSD-3-Clause",
      "engines": {
        "bun": ">=0.7.0",
        "deno": ">=1.0.0",
        "node": ">=16.5.0"
      }
    },
    "node_modules/acorn": {
      "version": "8.11.3",
      "dev": true,
      "license": "MIT",
      "bin": {
        "acorn": "bin/acorn"
      },
      "engines": {
        "node": ">=0.4.0"
      }
    },
    "node_modules/aria-query": {
      "version": "5.3.0",
      "dev": true,
      "license": "Apache-2.0",
      "dependencies": {
        "dequal": "^2.0.3"
      }
    },
    "node_modules/axobject-query": {
      "version": "4.0.0",
      "dev": true,
      "license": "Apache-2.0",
      "dependencies": {
        "dequal": "^2.0.3"
      }
    },
    "node_modules/code-red": {
      "version": "1.0.4",
      "dev": true,
      "license": "MIT",
      "dependencies": {
        "@jridgewell/sourcemap-codec": "^1.4.15",
        "@types/estree": "^1.0.1",
        "acorn": "^8.10.0",
        "estree-walker": "^3.0.3",
        "periscopic": "^3.1.0"
      }
    },
    "node_modules/color": {
      "version": "4.2.3",
      "resolved": "https://registry.npmjs.org/color/-/color-4.2.3.tgz",
      "integrity": "sha512-1rXeuUUiGGrykh+CeBdu5Ie7OJwinCgQY0bc7GCRxy5xVHy+moaqkpL/jqQq0MtQOeYcrqEz4abc5f0KtU7W4A==",
      "dev": true,
      "dependencies": {
        "color-convert": "^2.0.1",
        "color-string": "^1.9.0"
      },
      "engines": {
        "node": ">=12.5.0"
      }
    },
    "node_modules/color-convert": {
      "version": "2.0.1",
      "resolved": "https://registry.npmjs.org/color-convert/-/color-convert-2.0.1.tgz",
      "integrity": "sha512-RRECPsj7iu/xb5oKYcsFHSppFNnsj/52OVTRKb4zP5onXwVF3zVmmToNcOfGC+CRDpfK/U584fMg38ZHCaElKQ==",
      "dev": true,
      "dependencies": {
        "color-name": "~1.1.4"
      },
      "engines": {
        "node": ">=7.0.0"
      }
    },
    "node_modules/color-name": {
      "version": "1.1.4",
      "resolved": "https://registry.npmjs.org/color-name/-/color-name-1.1.4.tgz",
      "integrity": "sha512-dOy+3AuW3a2wNbZHIuMZpTcgjGuLU/uBL/ubcZF9OXbDo8ff4O8yVp5Bf0efS8uEoYo5q4Fx7dY9OgQGXgAsQA==",
      "dev": true
    },
    "node_modules/color-string": {
      "version": "1.9.1",
      "resolved": "https://registry.npmjs.org/color-string/-/color-string-1.9.1.tgz",
      "integrity": "sha512-shrVawQFojnZv6xM40anx4CkoDP+fZsw/ZerEMsW/pyzsRbElpsL/DBVW7q3ExxwusdNXI3lXpuhEZkzs8p5Eg==",
      "dev": true,
      "dependencies": {
        "color-name": "^1.0.0",
        "simple-swizzle": "^0.2.2"
      }
    },
    "node_modules/commander": {
      "version": "2.20.3",
      "resolved": "https://registry.npmjs.org/commander/-/commander-2.20.3.tgz",
      "integrity": "sha512-GpVkmM8vF2vQUkj2LvZmD35JxeJOLCwJ9cUkugyk2nuhbv3+mJvpLYYt+0+USMxE+oj+ey/lJEnhZw75x/OMcQ==",
      "dev": true
    },
    "node_modules/composed-offset-position": {
      "version": "0.0.6",
      "resolved": "https://registry.npmjs.org/composed-offset-position/-/composed-offset-position-0.0.6.tgz",
      "integrity": "sha512-Q7dLompI6lUwd7LWyIcP66r4WcS9u7AL2h8HaeipiRfCRPLMWqRx8fYsjb4OHi6UQFifO7XtNC2IlEJ1ozIFxw==",
      "dev": true,
      "peerDependencies": {
        "@floating-ui/utils": "^0.2.5"
      }
    },
    "node_modules/css-tree": {
      "version": "2.3.1",
      "dev": true,
      "license": "MIT",
      "dependencies": {
        "mdn-data": "2.0.30",
        "source-map-js": "^1.0.1"
      },
      "engines": {
        "node": "^10 || ^12.20.0 || ^14.13.0 || >=15.0.0"
      }
    },
    "node_modules/cssfilter": {
      "version": "0.0.10",
      "resolved": "https://registry.npmjs.org/cssfilter/-/cssfilter-0.0.10.tgz",
      "integrity": "sha512-FAaLDaplstoRsDR8XGYH51znUN0UY7nMc6Z9/fvE8EXGwvJE9hu7W2vHwx1+bd6gCYnln9nLbzxFTrcO9YQDZw==",
      "dev": true
    },
    "node_modules/dayjs": {
      "version": "1.11.13",
      "resolved": "https://registry.npmjs.org/dayjs/-/dayjs-1.11.13.tgz",
      "integrity": "sha512-oaMBel6gjolK862uaPQOVTA7q3TZhuSvuMQAAglQDOWYO9A91IrAOUJEyKVlqJlHE0vq5p5UXxzdPfMH/x6xNg==",
      "dev": true
    },
    "node_modules/debug": {
      "version": "4.3.7",
      "resolved": "https://registry.npmjs.org/debug/-/debug-4.3.7.tgz",
      "integrity": "sha512-Er2nc/H7RrMXZBFCEim6TCmMk02Z8vLC2Rbi1KEBggpo0fS6l0S1nnapwmIi3yW/+GOJap1Krg4w0Hg80oCqgQ==",
      "dev": true,
      "dependencies": {
        "ms": "^2.1.3"
      },
      "engines": {
        "node": ">=6.0"
      },
      "peerDependenciesMeta": {
        "supports-color": {
          "optional": true
        }
      }
    },
    "node_modules/deepmerge": {
      "version": "4.3.1",
      "dev": true,
      "license": "MIT",
      "engines": {
        "node": ">=0.10.0"
      }
    },
    "node_modules/dequal": {
      "version": "2.0.3",
      "dev": true,
      "license": "MIT",
      "engines": {
        "node": ">=6"
      }
    },
    "node_modules/esbuild": {
      "version": "0.21.5",
      "dev": true,
      "hasInstallScript": true,
      "license": "MIT",
      "bin": {
        "esbuild": "bin/esbuild"
      },
      "engines": {
        "node": ">=12"
      },
      "optionalDependencies": {
        "@esbuild/aix-ppc64": "0.21.5",
        "@esbuild/android-arm": "0.21.5",
        "@esbuild/android-arm64": "0.21.5",
        "@esbuild/android-x64": "0.21.5",
        "@esbuild/darwin-arm64": "0.21.5",
        "@esbuild/darwin-x64": "0.21.5",
        "@esbuild/freebsd-arm64": "0.21.5",
        "@esbuild/freebsd-x64": "0.21.5",
        "@esbuild/linux-arm": "0.21.5",
        "@esbuild/linux-arm64": "0.21.5",
        "@esbuild/linux-ia32": "0.21.5",
        "@esbuild/linux-loong64": "0.21.5",
        "@esbuild/linux-mips64el": "0.21.5",
        "@esbuild/linux-ppc64": "0.21.5",
        "@esbuild/linux-riscv64": "0.21.5",
        "@esbuild/linux-s390x": "0.21.5",
        "@esbuild/linux-x64": "0.21.5",
        "@esbuild/netbsd-x64": "0.21.5",
        "@esbuild/openbsd-x64": "0.21.5",
        "@esbuild/sunos-x64": "0.21.5",
        "@esbuild/win32-arm64": "0.21.5",
        "@esbuild/win32-ia32": "0.21.5",
        "@esbuild/win32-x64": "0.21.5"
      }
    },
    "node_modules/estree-walker": {
      "version": "3.0.3",
      "dev": true,
      "license": "MIT",
      "dependencies": {
        "@types/estree": "^1.0.0"
      }
    },
    "node_modules/focus-trap": {
      "version": "7.6.0",
      "resolved": "https://registry.npmjs.org/focus-trap/-/focus-trap-7.6.0.tgz",
      "integrity": "sha512-1td0l3pMkWJLFipobUcGaf+5DTY4PLDDrcqoSaKP8ediO/CoWCCYk/fT/Y2A4e6TNB+Sh6clRJCjOPPnKoNHnQ==",
      "dev": true,
      "dependencies": {
        "tabbable": "^6.2.0"
      }
    },
    "node_modules/fsevents": {
      "version": "2.3.3",
      "resolved": "https://registry.npmjs.org/fsevents/-/fsevents-2.3.3.tgz",
      "integrity": "sha512-5xoDfX+fL7faATnagmWPpbFtwh/R77WmMMqqHGS65C3vvB0YHrgF+B1YmZ3441tMj5n63k0212XNoJwzlhffQw==",
      "dev": true,
      "hasInstallScript": true,
      "optional": true,
      "os": [
        "darwin"
      ],
      "engines": {
        "node": "^8.16.0 || ^10.6.0 || >=11.0.0"
      }
    },
    "node_modules/interactjs": {
      "version": "1.10.27",
      "resolved": "https://registry.npmjs.org/interactjs/-/interactjs-1.10.27.tgz",
      "integrity": "sha512-y/8RcCftGAF24gSp76X2JS3XpHiUvDQyhF8i7ujemBz77hwiHDuJzftHx7thY8cxGogwGiPJ+o97kWB6eAXnsA==",
      "dev": true,
      "dependencies": {
        "@interactjs/types": "1.10.27"
      }
    },
    "node_modules/is-arrayish": {
      "version": "0.3.2",
      "resolved": "https://registry.npmjs.org/is-arrayish/-/is-arrayish-0.3.2.tgz",
      "integrity": "sha512-eVRqCvVlZbuw3GrM63ovNSNAeA1K16kaR/LRY/92w0zxQ5/1YzwblUX652i4Xs9RwAGjW9d9y6X88t8OaAJfWQ==",
      "dev": true
    },
    "node_modules/is-reference": {
      "version": "3.0.2",
      "dev": true,
      "license": "MIT",
      "dependencies": {
        "@types/estree": "*"
      }
    },
    "node_modules/kleur": {
      "version": "4.1.5",
      "dev": true,
      "license": "MIT",
      "engines": {
        "node": ">=6"
      }
    },
    "node_modules/lit": {
      "version": "3.2.1",
      "resolved": "https://registry.npmjs.org/lit/-/lit-3.2.1.tgz",
      "integrity": "sha512-1BBa1E/z0O9ye5fZprPtdqnc0BFzxIxTTOO/tQFmyC/hj1O3jL4TfmLBw0WEwjAokdLwpclkvGgDJwTIh0/22w==",
      "dev": true,
      "dependencies": {
        "@lit/reactive-element": "^2.0.4",
        "lit-element": "^4.1.0",
        "lit-html": "^3.2.0"
      }
    },
    "node_modules/lit-element": {
      "version": "4.1.1",
      "resolved": "https://registry.npmjs.org/lit-element/-/lit-element-4.1.1.tgz",
      "integrity": "sha512-HO9Tkkh34QkTeUmEdNYhMT8hzLid7YlMlATSi1q4q17HE5d9mrrEHJ/o8O2D0cMi182zK1F3v7x0PWFjrhXFew==",
      "dev": true,
      "dependencies": {
        "@lit-labs/ssr-dom-shim": "^1.2.0",
        "@lit/reactive-element": "^2.0.4",
        "lit-html": "^3.2.0"
      }
    },
    "node_modules/lit-html": {
      "version": "3.2.1",
      "resolved": "https://registry.npmjs.org/lit-html/-/lit-html-3.2.1.tgz",
      "integrity": "sha512-qI/3lziaPMSKsrwlxH/xMgikhQ0EGOX2ICU73Bi/YHFvz2j/yMCIrw4+puF2IpQ4+upd3EWbvnHM9+PnJn48YA==",
      "dev": true,
      "dependencies": {
        "@types/trusted-types": "^2.0.2"
      }
    },
    "node_modules/locate-character": {
      "version": "3.0.0",
      "dev": true,
      "license": "MIT"
    },
    "node_modules/lodash-es": {
      "version": "4.17.21",
      "resolved": "https://registry.npmjs.org/lodash-es/-/lodash-es-4.17.21.tgz",
      "integrity": "sha512-mKnC+QJ9pWVzv+C4/U3rRsHapFfHvQFoFB92e52xeyGMcX6/OlIl78je1u8vePzYZSkkogMPJ2yjxxsb89cxyw==",
      "dev": true
    },
    "node_modules/luxon": {
      "version": "3.5.0",
      "resolved": "https://registry.npmjs.org/luxon/-/luxon-3.5.0.tgz",
      "integrity": "sha512-rh+Zjr6DNfUYR3bPwJEnuwDdqMbxZW7LOQfUN4B54+Cl+0o5zaU9RJ6bcidfDtC1cWCZXQ+nvX8bf6bAji37QQ==",
      "dev": true,
      "engines": {
        "node": ">=12"
      }
    },
    "node_modules/magic-string": {
      "version": "0.30.12",
      "resolved": "https://registry.npmjs.org/magic-string/-/magic-string-0.30.12.tgz",
      "integrity": "sha512-Ea8I3sQMVXr8JhN4z+H/d8zwo+tYDgHE9+5G4Wnrwhs0gaK9fXTKx0Tw5Xwsd/bCPTTZNRAdpyzvoeORe9LYpw==",
      "dev": true,
      "dependencies": {
        "@jridgewell/sourcemap-codec": "^1.5.0"
      }
    },
    "node_modules/marked": {
      "version": "14.1.4",
      "resolved": "https://registry.npmjs.org/marked/-/marked-14.1.4.tgz",
      "integrity": "sha512-vkVZ8ONmUdPnjCKc5uTRvmkRbx4EAi2OkTOXmfTDhZz3OFqMNBM1oTTWwTr4HY4uAEojhzPf+Fy8F1DWa3Sndg==",
      "dev": true,
      "bin": {
        "marked": "bin/marked.js"
      },
      "engines": {
        "node": ">= 18"
      }
    },
    "node_modules/mdn-data": {
      "version": "2.0.30",
      "dev": true,
      "license": "CC0-1.0"
    },
    "node_modules/ms": {
      "version": "2.1.3",
      "resolved": "https://registry.npmjs.org/ms/-/ms-2.1.3.tgz",
      "integrity": "sha512-6FlzubTLZG3J2a/NVCAleEhjzq5oxgHyaCU9yYXvcLsvoVaHJq/s5xXI6/XXP6tz7R9xAOtHnSO/tXtF3WRTlA==",
      "dev": true
    },
    "node_modules/nanoid": {
      "version": "3.3.7",
      "dev": true,
      "funding": [
        {
          "type": "github",
          "url": "https://github.com/sponsors/ai"
        }
      ],
      "license": "MIT",
      "bin": {
        "nanoid": "bin/nanoid.cjs"
      },
      "engines": {
        "node": "^10 || ^12 || ^13.7 || ^14 || >=15.0.1"
      }
    },
    "node_modules/periscopic": {
      "version": "3.1.0",
      "dev": true,
      "license": "MIT",
      "dependencies": {
        "@types/estree": "^1.0.0",
        "estree-walker": "^3.0.0",
        "is-reference": "^3.0.0"
      }
    },
    "node_modules/picocolors": {
      "version": "1.1.0",
      "dev": true,
      "license": "ISC"
    },
    "node_modules/postcss": {
      "version": "8.4.47",
      "dev": true,
      "funding": [
        {
          "type": "opencollective",
          "url": "https://opencollective.com/postcss/"
        },
        {
          "type": "tidelift",
          "url": "https://tidelift.com/funding/github/npm/postcss"
        },
        {
          "type": "github",
          "url": "https://github.com/sponsors/ai"
        }
      ],
      "license": "MIT",
      "dependencies": {
        "nanoid": "^3.3.7",
        "picocolors": "^1.1.0",
        "source-map-js": "^1.2.1"
      },
      "engines": {
        "node": "^10 || ^12 || >=14"
      }
    },
    "node_modules/rollup": {
      "version": "4.22.5",
      "dev": true,
      "license": "MIT",
      "dependencies": {
        "@types/estree": "1.0.6"
      },
      "bin": {
        "rollup": "dist/bin/rollup"
      },
      "engines": {
        "node": ">=18.0.0",
        "npm": ">=8.0.0"
      },
      "optionalDependencies": {
        "@rollup/rollup-android-arm-eabi": "4.22.5",
        "@rollup/rollup-android-arm64": "4.22.5",
        "@rollup/rollup-darwin-arm64": "4.22.5",
        "@rollup/rollup-darwin-x64": "4.22.5",
        "@rollup/rollup-linux-arm-gnueabihf": "4.22.5",
        "@rollup/rollup-linux-arm-musleabihf": "4.22.5",
        "@rollup/rollup-linux-arm64-gnu": "4.22.5",
        "@rollup/rollup-linux-arm64-musl": "4.22.5",
        "@rollup/rollup-linux-powerpc64le-gnu": "4.22.5",
        "@rollup/rollup-linux-riscv64-gnu": "4.22.5",
        "@rollup/rollup-linux-s390x-gnu": "4.22.5",
        "@rollup/rollup-linux-x64-gnu": "4.22.5",
        "@rollup/rollup-linux-x64-musl": "4.22.5",
        "@rollup/rollup-win32-arm64-msvc": "4.22.5",
        "@rollup/rollup-win32-ia32-msvc": "4.22.5",
        "@rollup/rollup-win32-x64-msvc": "4.22.5",
        "fsevents": "~2.3.2"
      }
    },
    "node_modules/simple-swizzle": {
      "version": "0.2.2",
      "resolved": "https://registry.npmjs.org/simple-swizzle/-/simple-swizzle-0.2.2.tgz",
      "integrity": "sha512-JA//kQgZtbuY83m+xT+tXJkmJncGMTFT+C+g2h2R9uxkYIrE2yy9sgmcLhCnw57/WSD+Eh3J97FPEDFnbXnDUg==",
      "dev": true,
      "dependencies": {
        "is-arrayish": "^0.3.1"
      }
    },
    "node_modules/sortablejs": {
      "version": "1.15.3",
      "resolved": "https://registry.npmjs.org/sortablejs/-/sortablejs-1.15.3.tgz",
      "integrity": "sha512-zdK3/kwwAK1cJgy1rwl1YtNTbRmc8qW/+vgXf75A7NHag5of4pyI6uK86ktmQETyWRH7IGaE73uZOOBcGxgqZg==",
      "dev": true
    },
    "node_modules/source-map-js": {
      "version": "1.2.1",
      "dev": true,
      "license": "BSD-3-Clause",
      "engines": {
        "node": ">=0.10.0"
      }
    },
    "node_modules/svelte": {
      "version": "4.2.19",
      "dev": true,
      "license": "MIT",
      "dependencies": {
        "@ampproject/remapping": "^2.2.1",
        "@jridgewell/sourcemap-codec": "^1.4.15",
        "@jridgewell/trace-mapping": "^0.3.18",
        "@types/estree": "^1.0.1",
        "acorn": "^8.9.0",
        "aria-query": "^5.3.0",
        "axobject-query": "^4.0.0",
        "code-red": "^1.0.3",
        "css-tree": "^2.3.1",
        "estree-walker": "^3.0.3",
        "is-reference": "^3.0.1",
        "locate-character": "^3.0.0",
        "magic-string": "^0.30.4",
        "periscopic": "^3.1.0"
      },
      "engines": {
        "node": ">=16"
      }
    },
    "node_modules/svelte-hmr": {
      "version": "0.16.0",
      "resolved": "https://registry.npmjs.org/svelte-hmr/-/svelte-hmr-0.16.0.tgz",
      "integrity": "sha512-Gyc7cOS3VJzLlfj7wKS0ZnzDVdv3Pn2IuVeJPk9m2skfhcu5bq3wtIZyQGggr7/Iim5rH5cncyQft/kRLupcnA==",
      "dev": true,
      "engines": {
        "node": "^12.20 || ^14.13.1 || >= 16"
      },
      "peerDependencies": {
        "svelte": "^3.19.0 || ^4.0.0"
      }
    },
    "node_modules/tabbable": {
      "version": "6.2.0",
      "resolved": "https://registry.npmjs.org/tabbable/-/tabbable-6.2.0.tgz",
      "integrity": "sha512-Cat63mxsVJlzYvN51JmVXIgNoUokrIaT2zLclCXjRd8boZ0004U4KCs/sToJ75C6sdlByWxpYnb5Boif1VSFew==",
      "dev": true
    },
    "node_modules/timezone-groups": {
      "version": "0.10.2",
      "resolved": "https://registry.npmjs.org/timezone-groups/-/timezone-groups-0.10.2.tgz",
      "integrity": "sha512-01G9JdlIybA9Njp0wJcGenXKWAw+woWbv6W/oMexWyPs7Nr/S2p2n1NRrMHbHaFzdf+PNNStQp1WILdnAGjYXQ==",
      "dev": true,
      "engines": {
        "node": ">=18.12.0"
      }
    },
    "node_modules/tslib": {
      "version": "2.8.1",
      "resolved": "https://registry.npmjs.org/tslib/-/tslib-2.8.1.tgz",
      "integrity": "sha512-oJFu94HQb+KVduSUQL7wnpmqnfmLsOA/nAh6b6EH0wCEoK0/mPeXU6c3wKDV83MkOuHPRHtSXKKU99IBazS/2w==",
      "dev": true
    },
    "node_modules/type-fest": {
      "version": "4.18.2",
      "resolved": "https://registry.npmjs.org/type-fest/-/type-fest-4.18.2.tgz",
      "integrity": "sha512-+suCYpfJLAe4OXS6+PPXjW3urOS4IoP9waSiLuXfLgqZODKw/aWwASvzqE886wA0kQgGy0mIWyhd87VpqIy6Xg==",
      "dev": true,
      "engines": {
        "node": ">=16"
      },
      "funding": {
        "url": "https://github.com/sponsors/sindresorhus"
      }
    },
    "node_modules/vite": {
      "version": "5.4.10",
      "resolved": "https://registry.npmjs.org/vite/-/vite-5.4.10.tgz",
      "integrity": "sha512-1hvaPshuPUtxeQ0hsVH3Mud0ZanOLwVTneA1EgbAM5LhaZEqyPWGRQ7BtaMvUrTDeEaC8pxtj6a6jku3x4z6SQ==",
      "dev": true,
      "dependencies": {
        "esbuild": "^0.21.3",
        "postcss": "^8.4.43",
        "rollup": "^4.20.0"
      },
      "bin": {
        "vite": "bin/vite.js"
      },
      "engines": {
        "node": "^18.0.0 || >=20.0.0"
      },
      "funding": {
        "url": "https://github.com/vitejs/vite?sponsor=1"
      },
      "optionalDependencies": {
        "fsevents": "~2.3.3"
      },
      "peerDependencies": {
        "@types/node": "^18.0.0 || >=20.0.0",
        "less": "*",
        "lightningcss": "^1.21.0",
        "sass": "*",
        "sass-embedded": "*",
        "stylus": "*",
        "sugarss": "*",
        "terser": "^5.4.0"
      },
      "peerDependenciesMeta": {
        "@types/node": {
          "optional": true
        },
        "less": {
          "optional": true
        },
        "lightningcss": {
          "optional": true
        },
        "sass": {
          "optional": true
        },
        "sass-embedded": {
          "optional": true
        },
        "stylus": {
          "optional": true
        },
        "sugarss": {
          "optional": true
        },
        "terser": {
          "optional": true
        }
      }
    },
    "node_modules/vitefu": {
      "version": "0.2.5",
      "dev": true,
      "license": "MIT",
      "peerDependencies": {
        "vite": "^3.0.0 || ^4.0.0 || ^5.0.0"
      },
      "peerDependenciesMeta": {
        "vite": {
          "optional": true
        }
      }
    },
    "node_modules/xss": {
      "version": "1.0.13",
      "resolved": "https://registry.npmjs.org/xss/-/xss-1.0.13.tgz",
      "integrity": "sha512-clu7dxTm1e8Mo5fz3n/oW3UCXBfV89xZ72jM8yzo1vR/pIS0w3sgB3XV2H8Vm6zfGnHL0FzvLJPJEBhd86/z4Q==",
      "dev": true,
      "dependencies": {
        "commander": "^2.20.3",
        "cssfilter": "0.0.10"
      },
      "bin": {
        "xss": "bin/xss"
      },
      "engines": {
        "node": ">= 0.10.0"
      }
    }
  }
}
